
Microsoft Visual Studio Solution File, Format Version 12.00
# Visual Studio Version 17
VisualStudioVersion = 17.0.31903.59
MinimumVisualStudioVersion = 10.0.40219.1
Project("{2150E333-8FDC-42A3-9474-1A3956D46DE8}") = "src", "src", "{827E0CD3-B72D-47B6-A68D-7590B98EB39B}"
EndProject
Project("{2150E333-8FDC-42A3-9474-1A3956D46DE8}") = "Shared", "Shared", "{C8E42992-5E42-0C2B-DBFE-AA848D06431C}"
EndProject
Project("{FAE04EC0-301F-11D3-BF4B-00C04F79EFBC}") = "HotelManagement.Shared.Models", "src\Shared\HotelManagement.Shared.Models\HotelManagement.Shared.Models.csproj", "{D852BC42-5F90-4F22-93D7-4CE9A1D7BAFF}"
EndProject
Project("{FAE04EC0-301F-11D3-BF4B-00C04F79EFBC}") = "HotelManagement.Shared.Common", "src\Shared\HotelManagement.Shared.Common\HotelManagement.Shared.Common.csproj", "{A4F44587-4691-4916-A834-3BB0AD986CB8}"
EndProject
Project("{2150E333-8FDC-42A3-9474-1A3956D46DE8}") = "Services", "Services", "{984BB9B3-3FA3-BE33-9484-CAC21695A33C}"
EndProject
Project("{FAE04EC0-301F-11D3-BF4B-00C04F79EFBC}") = "UserService", "src\Services\UserService\UserService.csproj", "{7C1BD9B2-8CED-4946-9140-746EC07AA2AD}"
EndProject
Project("{FAE04EC0-301F-11D3-BF4B-00C04F79EFBC}") = "RoomService", "src\Services\RoomService\RoomService.csproj", "{9CCCDA79-2757-4EBE-A269-F369525EE9FB}"
EndProject
Project("{FAE04EC0-301F-11D3-BF4B-00C04F79EFBC}") = "ReservationService", "src\Services\ReservationService\ReservationService.csproj", "{65BF313F-9B09-4851-9B43-12B03093DFAC}"
EndProject
Global
	GlobalSection(SolutionConfigurationPlatforms) = preSolution
		Debug|Any CPU = Debug|Any CPU
		Debug|x64 = Debug|x64
		Debug|x86 = Debug|x86
		Release|Any CPU = Release|Any CPU
		Release|x64 = Release|x64
		Release|x86 = Release|x86
	EndGlobalSection
	GlobalSection(ProjectConfigurationPlatforms) = postSolution
		{D852BC42-5F90-4F22-93D7-4CE9A1D7BAFF}.Debug|Any CPU.ActiveCfg = Debug|Any CPU
		{D852BC42-5F90-4F22-93D7-4CE9A1D7BAFF}.Debug|Any CPU.Build.0 = Debug|Any CPU
		{D852BC42-5F90-4F22-93D7-4CE9A1D7BAFF}.Debug|x64.ActiveCfg = Debug|Any CPU
		{D852BC42-5F90-4F22-93D7-4CE9A1D7BAFF}.Debug|x64.Build.0 = Debug|Any CPU
		{D852BC42-5F90-4F22-93D7-4CE9A1D7BAFF}.Debug|x86.ActiveCfg = Debug|Any CPU
		{D852BC42-5F90-4F22-93D7-4CE9A1D7BAFF}.Debug|x86.Build.0 = Debug|Any CPU
		{D852BC42-5F90-4F22-93D7-4CE9A1D7BAFF}.Release|Any CPU.ActiveCfg = Release|Any CPU
		{D852BC42-5F90-4F22-93D7-4CE9A1D7BAFF}.Release|Any CPU.Build.0 = Release|Any CPU
		{D852BC42-5F90-4F22-93D7-4CE9A1D7BAFF}.Release|x64.ActiveCfg = Release|Any CPU
		{D852BC42-5F90-4F22-93D7-4CE9A1D7BAFF}.Release|x64.Build.0 = Release|Any CPU
		{D852BC42-5F90-4F22-93D7-4CE9A1D7BAFF}.Release|x86.ActiveCfg = Release|Any CPU
		{D852BC42-5F90-4F22-93D7-4CE9A1D7BAFF}.Release|x86.Build.0 = Release|Any CPU
		{A4F44587-4691-4916-A834-3BB0AD986CB8}.Debug|Any CPU.ActiveCfg = Debug|Any CPU
		{A4F44587-4691-4916-A834-3BB0AD986CB8}.Debug|Any CPU.Build.0 = Debug|Any CPU
		{A4F44587-4691-4916-A834-3BB0AD986CB8}.Debug|x64.ActiveCfg = Debug|Any CPU
		{A4F44587-4691-4916-A834-3BB0AD986CB8}.Debug|x64.Build.0 = Debug|Any CPU
		{A4F44587-4691-4916-A834-3BB0AD986CB8}.Debug|x86.ActiveCfg = Debug|Any CPU
		{A4F44587-4691-4916-A834-3BB0AD986CB8}.Debug|x86.Build.0 = Debug|Any CPU
		{A4F44587-4691-4916-A834-3BB0AD986CB8}.Release|Any CPU.ActiveCfg = Release|Any CPU
		{A4F44587-4691-4916-A834-3BB0AD986CB8}.Release|Any CPU.Build.0 = Release|Any CPU
		{A4F44587-4691-4916-A834-3BB0AD986CB8}.Release|x64.ActiveCfg = Release|Any CPU
		{A4F44587-4691-4916-A834-3BB0AD986CB8}.Release|x64.Build.0 = Release|Any CPU
		{A4F44587-4691-4916-A834-3BB0AD986CB8}.Release|x86.ActiveCfg = Release|Any CPU
		{A4F44587-4691-4916-A834-3BB0AD986CB8}.Release|x86.Build.0 = Release|Any CPU
		{7C1BD9B2-8CED-4946-9140-746EC07AA2AD}.Debug|Any CPU.ActiveCfg = Debug|Any CPU
		{7C1BD9B2-8CED-4946-9140-746EC07AA2AD}.Debug|Any CPU.Build.0 = Debug|Any CPU
		{7C1BD9B2-8CED-4946-9140-746EC07AA2AD}.Debug|x64.ActiveCfg = Debug|Any CPU
		{7C1BD9B2-8CED-4946-9140-746EC07AA2AD}.Debug|x64.Build.0 = Debug|Any CPU
		{7C1BD9B2-8CED-4946-9140-746EC07AA2AD}.Debug|x86.ActiveCfg = Debug|Any CPU
		{7C1BD9B2-8CED-4946-9140-746EC07AA2AD}.Debug|x86.Build.0 = Debug|Any CPU
		{7C1BD9B2-8CED-4946-9140-746EC07AA2AD}.Release|Any CPU.ActiveCfg = Release|Any CPU
		{7C1BD9B2-8CED-4946-9140-746EC07AA2AD}.Release|Any CPU.Build.0 = Release|Any CPU
		{7C1BD9B2-8CED-4946-9140-746EC07AA2AD}.Release|x64.ActiveCfg = Release|Any CPU
		{7C1BD9B2-8CED-4946-9140-746EC07AA2AD}.Release|x64.Build.0 = Release|Any CPU
		{7C1BD9B2-8CED-4946-9140-746EC07AA2AD}.Release|x86.ActiveCfg = Release|Any CPU
		{7C1BD9B2-8CED-4946-9140-746EC07AA2AD}.Release|x86.Build.0 = Release|Any CPU
		{9CCCDA79-2757-4EBE-A269-F369525EE9FB}.Debug|Any CPU.ActiveCfg = Debug|Any CPU
		{9CCCDA79-2757-4EBE-A269-F369525EE9FB}.Debug|Any CPU.Build.0 = Debug|Any CPU
		{9CCCDA79-2757-4EBE-A269-F369525EE9FB}.Debug|x64.ActiveCfg = Debug|Any CPU
		{9CCCDA79-2757-4EBE-A269-F369525EE9FB}.Debug|x64.Build.0 = Debug|Any CPU
		{9CCCDA79-2757-4EBE-A269-F369525EE9FB}.Debug|x86.ActiveCfg = Debug|Any CPU
		{9CCCDA79-2757-4EBE-A269-F369525EE9FB}.Debug|x86.Build.0 = Debug|Any CPU
		{9CCCDA79-2757-4EBE-A269-F369525EE9FB}.Release|Any CPU.ActiveCfg = Release|Any CPU
		{9CCCDA79-2757-4EBE-A269-F369525EE9FB}.Release|Any CPU.Build.0 = Release|Any CPU
		{9CCCDA79-2757-4EBE-A269-F369525EE9FB}.Release|x64.ActiveCfg = Release|Any CPU
		{9CCCDA79-2757-4EBE-A269-F369525EE9FB}.Release|x64.Build.0 = Release|Any CPU
		{9CCCDA79-2757-4EBE-A269-F369525EE9FB}.Release|x86.ActiveCfg = Release|Any CPU
		{9CCCDA79-2757-4EBE-A269-F369525EE9FB}.Release|x86.Build.0 = Release|Any CPU
		{65BF313F-9B09-4851-9B43-12B03093DFAC}.Debug|Any CPU.ActiveCfg = Debug|Any CPU
		{65BF313F-9B09-4851-9B43-12B03093DFAC}.Debug|Any CPU.Build.0 = Debug|Any CPU
		{65BF313F-9B09-4851-9B43-12B03093DFAC}.Debug|x64.ActiveCfg = Debug|Any CPU
		{65BF313F-9B09-4851-9B43-12B03093DFAC}.Debug|x64.Build.0 = Debug|Any CPU
		{65BF313F-9B09-4851-9B43-12B03093DFAC}.Debug|x86.ActiveCfg = Debug|Any CPU
		{65BF313F-9B09-4851-9B43-12B03093DFAC}.Debug|x86.Build.0 = Debug|Any CPU
		{65BF313F-9B09-4851-9B43-12B03093DFAC}.Release|Any CPU.ActiveCfg = Release|Any CPU
		{65BF313F-9B09-4851-9B43-12B03093DFAC}.Release|Any CPU.Build.0 = Release|Any CPU
		{65BF313F-9B09-4851-9B43-12B03093DFAC}.Release|x64.ActiveCfg = Release|Any CPU
		{65BF313F-9B09-4851-9B43-12B03093DFAC}.Release|x64.Build.0 = Release|Any CPU
		{65BF313F-9B09-4851-9B43-12B03093DFAC}.Release|x86.ActiveCfg = Release|Any CPU
		{65BF313F-9B09-4851-9B43-12B03093DFAC}.Release|x86.Build.0 = Release|Any CPU
	EndGlobalSection
	GlobalSection(SolutionProperties) = preSolution
		HideSolutionNode = FALSE
	EndGlobalSection
	GlobalSection(NestedProjects) = preSolution
		{C8E42992-5E42-0C2B-DBFE-AA848D06431C} = {827E0CD3-B72D-47B6-A68D-7590B98EB39B}
		{D852BC42-5F90-4F22-93D7-4CE9A1D7BAFF} = {C8E42992-5E42-0C2B-DBFE-AA848D06431C}
		{A4F44587-4691-4916-A834-3BB0AD986CB8} = {C8E42992-5E42-0C2B-DBFE-AA848D06431C}
		{984BB9B3-3FA3-BE33-9484-CAC21695A33C} = {827E0CD3-B72D-47B6-A68D-7590B98EB39B}
		{7C1BD9B2-8CED-4946-9140-746EC07AA2AD} = {984BB9B3-3FA3-BE33-9484-CAC21695A33C}
		{9CCCDA79-2757-4EBE-A269-F369525EE9FB} = {984BB9B3-3FA3-BE33-9484-CAC21695A33C}
		{65BF313F-9B09-4851-9B43-12B03093DFAC} = {984BB9B3-3FA3-BE33-9484-CAC21695A33C}
	EndGlobalSection
EndGlobal
